
Microsoft Visual Studio Solution File, Format Version 12.00
Project("{FAE04EC0-301F-11D3-BF4B-00C04F79EFBC}") = "RemoteManager", "RemoteManager.csproj", "{521350BA-CADB-4135-993B-8FEA51B835F2}"
EndProject
Project("{FAE04EC0-301F-11D3-BF4B-00C04F79EFBC}") = "tests", "tests\tests.csproj", "{E5133247-3282-4138-A085-9B0F941C6B79}"
EndProject
Global
	GlobalSection(SolutionConfigurationPlatforms) = preSolution
		Debug|Any CPU = Debug|Any CPU
		Release|Any CPU = Release|Any CPU
	EndGlobalSection
	GlobalSection(ProjectConfigurationPlatforms) = postSolution
		{521350BA-CADB-4135-993B-8FEA51B835F2}.Debug|Any CPU.ActiveCfg = Debug|Any CPU
		{521350BA-CADB-4135-993B-8FEA51B835F2}.Debug|Any CPU.Build.0 = Debug|Any CPU
		{521350BA-CADB-4135-993B-8FEA51B835F2}.Release|Any CPU.ActiveCfg = Release|Any CPU
		{521350BA-CADB-4135-993B-8FEA51B835F2}.Release|Any CPU.Build.0 = Release|Any CPU
		{E5133247-3282-4138-A085-9B0F941C6B79}.Debug|Any CPU.ActiveCfg = Debug|Any CPU
		{E5133247-3282-4138-A085-9B0F941C6B79}.Debug|Any CPU.Build.0 = Debug|Any CPU
		{E5133247-3282-4138-A085-9B0F941C6B79}.Release|Any CPU.ActiveCfg = Release|Any CPU
		{E5133247-3282-4138-A085-9B0F941C6B79}.Release|Any CPU.Build.0 = Release|Any CPU
	EndGlobalSection
EndGlobal
